// !$*UTF8*$!
{
	archiveVersion = 1;
	classes = {
	};
	objectVersion = 56;
	objects = {

/* Begin PBXBuildFile section */
		BD671D502A619B4300739918 /* QuestionsAppApp.swift in Sources */ = {isa = PBXBuildFile; fileRef = BD671D4F2A619B4300739918 /* QuestionsAppApp.swift */; };
		BD671D522A619B4300739918 /* ContentView.swift in Sources */ = {isa = PBXBuildFile; fileRef = BD671D512A619B4300739918 /* ContentView.swift */; };
		BD671D542A619B4400739918 /* Assets.xcassets in Resources */ = {isa = PBXBuildFile; fileRef = BD671D532A619B4400739918 /* Assets.xcassets */; };
		BD671D572A619B4400739918 /* Preview Assets.xcassets in Resources */ = {isa = PBXBuildFile; fileRef = BD671D562A619B4400739918 /* Preview Assets.xcassets */; };
		BD671D5E2A619C9900739918 /* q1page.swift in Sources */ = {isa = PBXBuildFile; fileRef = BD671D5D2A619C9900739918 /* q1page.swift */; };
		BD671D632A61A1A700739918 /* q2page.swift in Sources */ = {isa = PBXBuildFile; fileRef = BD671D622A61A1A700739918 /* q2page.swift */; };
		BD671D652A61A4A800739918 /* q3page.swift in Sources */ = {isa = PBXBuildFile; fileRef = BD671D642A61A4A800739918 /* q3page.swift */; };
		BD671D672A61A57800739918 /* end.swift in Sources */ = {isa = PBXBuildFile; fileRef = BD671D662A61A57800739918 /* end.swift */; };
/* End PBXBuildFile section */

/* Begin PBXFileReference section */
		BD671D4C2A619B4300739918 /* QuestionsApp.app */ = {isa = PBXFileReference; explicitFileType = wrapper.application; includeInIndex = 0; path = QuestionsApp.app; sourceTree = BUILT_PRODUCTS_DIR; };
		BD671D4F2A619B4300739918 /* QuestionsAppApp.swift */ = {isa = PBXFileReference; lastKnownFileType = sourcecode.swift; path = QuestionsAppApp.swift; sourceTree = "<group>"; };
		BD671D512A619B4300739918 /* ContentView.swift */ = {isa = PBXFileReference; lastKnownFileType = sourcecode.swift; path = ContentView.swift; sourceTree = "<group>"; };
		BD671D532A619B4400739918 /* Assets.xcassets */ = {isa = PBXFileReference; lastKnownFileType = folder.assetcatalog; path = Assets.xcassets; sourceTree = "<group>"; };
		BD671D562A619B4400739918 /* Preview Assets.xcassets */ = {isa = PBXFileReference; lastKnownFileType = folder.assetcatalog; path = "Preview Assets.xcassets"; sourceTree = "<group>"; };
		BD671D5D2A619C9900739918 /* q1page.swift */ = {isa = PBXFileReference; lastKnownFileType = sourcecode.swift; path = q1page.swift; sourceTree = "<group>"; };
		BD671D622A61A1A700739918 /* q2page.swift */ = {isa = PBXFileReference; lastKnownFileType = sourcecode.swift; path = q2page.swift; sourceTree = "<group>"; };
		BD671D642A61A4A800739918 /* q3page.swift */ = {isa = PBXFileReference; lastKnownFileType = sourcecode.swift; path = q3page.swift; sourceTree = "<group>"; };
		BD671D662A61A57800739918 /* end.swift */ = {isa = PBXFileReference; lastKnownFileType = sourcecode.swift; path = end.swift; sourceTree = "<group>"; };
/* End PBXFileReference section */

/* Begin PBXFrameworksBuildPhase section */
		BD671D492A619B4300739918 /* Frameworks */ = {
			isa = PBXFrameworksBuildPhase;
			buildActionMask = 2147483647;
			files = (
			);
			runOnlyForDeploymentPostprocessing = 0;
		};
/* End PBXFrameworksBuildPhase section */

/* Begin PBXGroup section */
		BD671D432A619B4300739918 = {
			isa = PBXGroup;
			children = (
				BD671D4E2A619B4300739918 /* QuestionsApp */,
				BD671D4D2A619B4300739918 /* Products */,
			);
			sourceTree = "<group>";
		};
		BD671D4D2A619B4300739918 /* Products */ = {
			isa = PBXGroup;
			children = (
				BD671D4C2A619B4300739918 /* QuestionsApp.app */,
			);
			name = Products;
			sourceTree = "<group>";
		};
		BD671D4E2A619B4300739918 /* QuestionsApp */ = {
			isa = PBXGroup;
			children = (
				BD671D4F2A619B4300739918 /* QuestionsAppApp.swift */,
				BD671D512A619B4300739918 /* ContentView.swift */,
				BD671D5D2A619C9900739918 /* q1page.swift */,
				BD671D622A61A1A700739918 /* q2page.swift */,
				BD671D642A61A4A800739918 /* q3page.swift */,
				BD671D662A61A57800739918 /* end.swift */,
				BD671D612A61A19700739918 /* New Group */,
				BD671D532A619B4400739918 /* Assets.xcassets */,
				BD671D552A619B4400739918 /* Preview Content */,
			);
			path = QuestionsApp;
			sourceTree = "<group>";
		};
		BD671D552A619B4400739918 /* Preview Content */ = {
			isa = PBXGroup;
			children = (
				BD671D562A619B4400739918 /* Preview Assets.xcassets */,
			);
			path = "Preview Content";
			sourceTree = "<group>";
		};
		BD671D612A61A19700739918 /* New Group */ = {
			isa = PBXGroup;
			children = (
			);
			path = "New Group";
			sourceTree = "<group>";
		};
/* End PBXGroup section */

/* Begin PBXNativeTarget section */
		BD671D4B2A619B4300739918 /* QuestionsApp */ = {
			isa = PBXNativeTarget;
			buildConfigurationList = BD671D5A2A619B4400739918 /* Build configuration list for PBXNativeTarget "QuestionsApp" */;
			buildPhases = (
				BD671D482A619B4300739918 /* Sources */,
				BD671D492A619B4300739918 /* Frameworks */,
				BD671D4A2A619B4300739918 /* Resources */,
			);
			buildRules = (
			);
			dependencies = (
			);
			name = QuestionsApp;
			productName = QuestionsApp;
			productReference = BD671D4C2A619B4300739918 /* QuestionsApp.app */;
			productType = "com.apple.product-type.application";
		};
/* End PBXNativeTarget section */

/* Begin PBXProject section */
		BD671D442A619B4300739918 /* Project object */ = {
			isa = PBXProject;
			attributes = {
				BuildIndependentTargetsInParallel = 1;
				LastSwiftUpdateCheck = 1430;
				LastUpgradeCheck = 1430;
				TargetAttributes = {
					BD671D4B2A619B4300739918 = {
						CreatedOnToolsVersion = 14.3.1;
					};
				};
			};
			buildConfigurationList = BD671D472A619B4300739918 /* Build configuration list for PBXProject "QuestionsApp" */;
			compatibilityVersion = "Xcode 14.0";
			developmentRegion = en;
			hasScannedForEncodings = 0;
			knownRegions = (
				en,
				Base,
			);
			mainGroup = BD671D432A619B4300739918;
			productRefGroup = BD671D4D2A619B4300739918 /* Products */;
			projectDirPath = "";
			projectRoot = "";
			targets = (
				BD671D4B2A619B4300739918 /* QuestionsApp */,
			);
		};
/* End PBXProject section */

/* Begin PBXResourcesBuildPhase section */
		BD671D4A2A619B4300739918 /* Resources */ = {
			isa = PBXResourcesBuildPhase;
			buildActionMask = 2147483647;
			files = (
				BD671D572A619B4400739918 /* Preview Assets.xcassets in Resources */,
				BD671D542A619B4400739918 /* Assets.xcassets in Resources */,
			);
			runOnlyForDeploymentPostprocessing = 0;
		};
/* End PBXResourcesBuildPhase section */

/* Begin PBXSourcesBuildPhase section */
		BD671D482A619B4300739918 /* Sources */ = {
			isa = PBXSourcesBuildPhase;
			buildActionMask = 2147483647;
			files = (
				BD671D522A619B4300739918 /* ContentView.swift in Sources */,
				BD671D652A61A4A800739918 /* q3page.swift in Sources */,
				BD671D502A619B4300739918 /* QuestionsAppApp.swift in Sources */,
				BD671D5E2A619C9900739918 /* q1page.swift in Sources */,
				BD671D632A61A1A700739918 /* q2page.swift in Sources */,
				BD671D672A61A57800739918 /* end.swift in Sources */,
			);
			runOnlyForDeploymentPostprocessing = 0;
		};
/* End PBXSourcesBuildPhase section */

/* Begin XCBuildConfiguration section */
		BD671D582A619B4400739918 /* Debug */ = {
			isa = XCBuildConfiguration;
			buildSettings = {
				ALWAYS_SEARCH_USER_PATHS = NO;
				CLANG_ANALYZER_NONNULL = YES;
				CLANG_ANALYZER_NUMBER_OBJECT_CONVERSION = YES_AGGRESSIVE;
				CLANG_CXX_LANGUAGE_STANDARD = "gnu++20";
				CLANG_ENABLE_MODULES = YES;
				CLANG_ENABLE_OBJC_ARC = YES;
				CLANG_ENABLE_OBJC_WEAK = YES;
				CLANG_WARN_BLOCK_CAPTURE_AUTORELEASING = YES;
				CLANG_WARN_BOOL_CONVERSION = YES;
				CLANG_WARN_COMMA = YES;
				CLANG_WARN_CONSTANT_CONVERSION = YES;
				CLANG_WARN_DEPRECATED_OBJC_IMPLEMENTATIONS = YES;
				CLANG_WARN_DIRECT_OBJC_ISA_USAGE = YES_ERROR;
				CLANG_WARN_DOCUMENTATION_COMMENTS = YES;
				CLANG_WARN_EMPTY_BODY = YES;
				CLANG_WARN_ENUM_CONVERSION = YES;
				CLANG_WARN_INFINITE_RECURSION = YES;
				CLANG_WARN_INT_CONVERSION = YES;
				CLANG_WARN_NON_LITERAL_NULL_CONVERSION = YES;
				CLANG_WARN_OBJC_IMPLICIT_RETAIN_SELF = YES;
				CLANG_WARN_OBJC_LITERAL_CONVERSION = YES;
				CLANG_WARN_OBJC_ROOT_CLASS = YES_ERROR;
				CLANG_WARN_QUOTED_INCLUDE_IN_FRAMEWORK_HEADER = YES;
				CLANG_WARN_RANGE_LOOP_ANALYSIS = YES;
				CLANG_WARN_STRICT_PROTOTYPES = YES;
				CLANG_WARN_SUSPICIOUS_MOVE = YES;
				CLANG_WARN_UNGUARDED_AVAILABILITY = YES_AGGRESSIVE;
				CLANG_WARN_UNREACHABLE_CODE = YES;
				CLANG_WARN__DUPLICATE_METHOD_MATCH = YES;
				COPY_PHASE_STRIP = NO;
				DEBUG_INFORMATION_FORMAT = dwarf;
				ENABLE_STRICT_OBJC_MSGSEND = YES;
				ENABLE_TESTABILITY = YES;
				GCC_C_LANGUAGE_STANDARD = gnu11;
				GCC_DYNAMIC_NO_PIC = NO;
				GCC_NO_COMMON_BLOCKS = YES;
				GCC_OPTIMIZATION_LEVEL = 0;
				GCC_PREPROCESSOR_DEFINITIONS = (
					"DEBUG=1",
					"$(inherited)",
				);
				GCC_WARN_64_TO_32_BIT_CONVERSION = YES;
				GCC_WARN_ABOUT_RETURN_TYPE = YES_ERROR;
				GCC_WARN_UNDECLARED_SELECTOR = YES;
				GCC_WARN_UNINITIALIZED_AUTOS = YES_AGGRESSIVE;
				GCC_WARN_UNUSED_FUNCTION = YES;
				GCC_WARN_UNUSED_VARIABLE = YES;
				IPHONEOS_DEPLOYMENT_TARGET = 16.4;
				MTL_ENABLE_DEBUG_INFO = INCLUDE_SOURCE;
				MTL_FAST_MATH = YES;
				ONLY_ACTIVE_ARCH = YES;
				SDKROOT = iphoneos;
				SWIFT_ACTIVE_COMPILATION_CONDITIONS = DEBUG;
				SWIFT_OPTIMIZATION_LEVEL = "-Onone";
			};
			name = Debug;
		};
		BD671D592A619B4400739918 /* Release */ = {
			isa = XCBuildConfiguration;
			buildSettings = {
				ALWAYS_SEARCH_USER_PATHS = NO;
				CLANG_ANALYZER_NONNULL = YES;
				CLANG_ANALYZER_NUMBER_OBJECT_CONVERSION = YES_AGGRESSIVE;
				CLANG_CXX_LANGUAGE_STANDARD = "gnu++20";
				CLANG_ENABLE_MODULES = YES;
				CLANG_ENABLE_OBJC_ARC = YES;
				CLANG_ENABLE_OBJC_WEAK = YES;
				CLANG_WARN_BLOCK_CAPTURE_AUTORELEASING = YES;
				CLANG_WARN_BOOL_CONVERSION = YES;
				CLANG_WARN_COMMA = YES;
				CLANG_WARN_CONSTANT_CONVERSION = YES;
				CLANG_WARN_DEPRECATED_OBJC_IMPLEMENTATIONS = YES;
				CLANG_WARN_DIRECT_OBJC_ISA_USAGE = YES_ERROR;
				CLANG_WARN_DOCUMENTATION_COMMENTS = YES;
				CLANG_WARN_EMPTY_BODY = YES;
				CLANG_WARN_ENUM_CONVERSION = YES;
				CLANG_WARN_INFINITE_RECURSION = YES;
				CLANG_WARN_INT_CONVERSION = YES;
				CLANG_WARN_NON_LITERAL_NULL_CONVERSION = YES;
				CLANG_WARN_OBJC_IMPLICIT_RETAIN_SELF = YES;
				CLANG_WARN_OBJC_LITERAL_CONVERSION = YES;
				CLANG_WARN_OBJC_ROOT_CLASS = YES_ERROR;
				CLANG_WARN_QUOTED_INCLUDE_IN_FRAMEWORK_HEADER = YES;
				CLANG_WARN_RANGE_LOOP_ANALYSIS = YES;
				CLANG_WARN_STRICT_PROTOTYPES = YES;
				CLANG_WARN_SUSPICIOUS_MOVE = YES;
				CLANG_WARN_UNGUARDED_AVAILABILITY = YES_AGGRESSIVE;
				CLANG_WARN_UNREACHABLE_CODE = YES;
				CLANG_WARN__DUPLICATE_METHOD_MATCH = YES;
				COPY_PHASE_STRIP = NO;
				DEBUG_INFORMATION_FORMAT = "dwarf-with-dsym";
				ENABLE_NS_ASSERTIONS = NO;
				ENABLE_STRICT_OBJC_MSGSEND = YES;
				GCC_C_LANGUAGE_STANDARD = gnu11;
				GCC_NO_COMMON_BLOCKS = YES;
				GCC_WARN_64_TO_32_BIT_CONVERSION = YES;
				GCC_WARN_ABOUT_RETURN_TYPE = YES_ERROR;
				GCC_WARN_UNDECLARED_SELECTOR = YES;
				GCC_WARN_UNINITIALIZED_AUTOS = YES_AGGRESSIVE;
				GCC_WARN_UNUSED_FUNCTION = YES;
				GCC_WARN_UNUSED_VARIABLE = YES;
				IPHONEOS_DEPLOYMENT_TARGET = 16.4;
				MTL_ENABLE_DEBUG_INFO = NO;
				MTL_FAST_MATH = YES;
				SDKROOT = iphoneos;
				SWIFT_COMPILATION_MODE = wholemodule;
				SWIFT_OPTIMIZATION_LEVEL = "-O";
				VALIDATE_PRODUCT = YES;
			};
			name = Release;
		};
		BD671D5B2A619B4400739918 /* Debug */ = {
			isa = XCBuildConfiguration;
			buildSettings = {
				ASSETCATALOG_COMPILER_APPICON_NAME = AppIcon;
				ASSETCATALOG_COMPILER_GLOBAL_ACCENT_COLOR_NAME = AccentColor;
				CODE_SIGN_STYLE = Automatic;
				CURRENT_PROJECT_VERSION = 1;
				DEVELOPMENT_ASSET_PATHS = "\"QuestionsApp/Preview Content\"";
				ENABLE_PREVIEWS = YES;
				GENERATE_INFOPLIST_FILE = YES;
				INFOPLIST_KEY_UIApplicationSceneManifest_Generation = YES;
				INFOPLIST_KEY_UIApplicationSupportsIndirectInputEvents = YES;
				INFOPLIST_KEY_UILaunchScreen_Generation = YES;
				INFOPLIST_KEY_UISupportedInterfaceOrientations_iPad = "UIInterfaceOrientationPortrait UIInterfaceOrientationPortraitUpsideDown UIInterfaceOrientationLandscapeLeft UIInterfaceOrientationLandscapeRight";
				INFOPLIST_KEY_UISupportedInterfaceOrientations_iPhone = "UIInterfaceOrientationPortrait UIInterfaceOrientationLandscapeLeft UIInterfaceOrientationLandscapeRight";
				LD_RUNPATH_SEARCH_PATHS = (
					"$(inherited)",
					"@executable_path/Frameworks",
				);
				MARKETING_VERSION = 1.0;
				PRODUCT_BUNDLE_IDENTIFIER = KWK.QuestionsApp;
				PRODUCT_NAME = "$(TARGET_NAME)";
				SWIFT_EMIT_LOC_STRINGS = YES;
				SWIFT_VERSION = 5.0;
				TARGETED_DEVICE_FAMILY = "1,2";
			};
			name = Debug;
		};
		BD671D5C2A619B4400739918 /* Release */ = {
			isa = XCBuildConfiguration;
			buildSettings = {
				ASSETCATALOG_COMPILER_APPICON_NAME = AppIcon;
				ASSETCATALOG_COMPILER_GLOBAL_ACCENT_COLOR_NAME = AccentColor;
				CODE_SIGN_STYLE = Automatic;
				CURRENT_PROJECT_VERSION = 1;
				DEVELOPMENT_ASSET_PATHS = "\"QuestionsApp/Preview Content\"";
				ENABLE_PREVIEWS = YES;
				GENERATE_INFOPLIST_FILE = YES;
				INFOPLIST_KEY_UIApplicationSceneManifest_Generation = YES;
				INFOPLIST_KEY_UIApplicationSupportsIndirectInputEvents = YES;
				INFOPLIST_KEY_UILaunchScreen_Generation = YES;
				INFOPLIST_KEY_UISupportedInterfaceOrientations_iPad = "UIInterfaceOrientationPortrait UIInterfaceOrientationPortraitUpsideDown UIInterfaceOrientationLandscapeLeft UIInterfaceOrientationLandscapeRight";
				INFOPLIST_KEY_UISupportedInterfaceOrientations_iPhone = "UIInterfaceOrientationPortrait UIInterfaceOrientationLandscapeLeft UIInterfaceOrientationLandscapeRight";
				LD_RUNPATH_SEARCH_PATHS = (
					"$(inherited)",
					"@executable_path/Frameworks",
				);
				MARKETING_VERSION = 1.0;
				PRODUCT_BUNDLE_IDENTIFIER = KWK.QuestionsApp;
				PRODUCT_NAME = "$(TARGET_NAME)";
				SWIFT_EMIT_LOC_STRINGS = YES;
				SWIFT_VERSION = 5.0;
				TARGETED_DEVICE_FAMILY = "1,2";
			};
			name = Release;
		};
/* End XCBuildConfiguration section */

/* Begin XCConfigurationList section */
		BD671D472A619B4300739918 /* Build configuration list for PBXProject "QuestionsApp" */ = {
			isa = XCConfigurationList;
			buildConfigurations = (
				BD671D582A619B4400739918 /* Debug */,
				BD671D592A619B4400739918 /* Release */,
			);
			defaultConfigurationIsVisible = 0;
			defaultConfigurationName = Release;
		};
		BD671D5A2A619B4400739918 /* Build configuration list for PBXNativeTarget "QuestionsApp" */ = {
			isa = XCConfigurationList;
			buildConfigurations = (
				BD671D5B2A619B4400739918 /* Debug */,
				BD671D5C2A619B4400739918 /* Release */,
			);
			defaultConfigurationIsVisible = 0;
			defaultConfigurationName = Release;
		};
/* End XCConfigurationList section */
	};
	rootObject = BD671D442A619B4300739918 /* Project object */;
}
